
Microsoft Visual Studio Solution File, Format Version 12.00
# Visual Studio 15
VisualStudioVersion = 15.0.27004.2002
MinimumVisualStudioVersion = 10.0.40219.1
Project("{2150E333-8FDC-42A3-9474-1A3956D46DE8}") = "Common", "Common", "{B7F8B2E3-C579-4C4E-8B5E-0545EF42FD45}"
EndProject
Project("{2150E333-8FDC-42A3-9474-1A3956D46DE8}") = "Core", "Core", "{060BD8C7-C193-4B78-9A20-C3E5E57AEA16}"
EndProject
Project("{2150E333-8FDC-42A3-9474-1A3956D46DE8}") = "Presentation", "Presentation", "{B412BFC5-FC83-42C2-99CE-B5BA5B065DFF}"
EndProject
Project("{FAE04EC0-301F-11D3-BF4B-00C04F79EFBC}") = "Common.Util", "Common.Util\Common.Util.csproj", "{2FCDD98A-892E-4FB8-B322-ECAE0077C305}"
EndProject
Project("{FAE04EC0-301F-11D3-BF4B-00C04F79EFBC}") = "RCE.Application", "RCE.Application\RCE.Application.csproj", "{AA4C23C6-FFF7-4765-B83D-708D5993EEE1}"
EndProject
Project("{FAE04EC0-301F-11D3-BF4B-00C04F79EFBC}") = "RCE.Infrastructure", "RCE.Infrastructure\RCE.Infrastructure.csproj", "{F240F995-FC18-4A46-9501-E134DC6A1052}"
EndProject
Project("{FAE04EC0-301F-11D3-BF4B-00C04F79EFBC}") = "RCE.UI", "RCE.UI\RCE.UI.csproj", "{C9A106D7-FBC5-4533-965B-6C5368630C9A}"
EndProject
Project("{FAE04EC0-301F-11D3-BF4B-00C04F79EFBC}") = "RCE.Commons", "RCE.Commons\RCE.Commons.csproj", "{6E3392B4-6F70-42F3-9136-7C4E9DCDF4D0}"
EndProject
Project("{FAE04EC0-301F-11D3-BF4B-00C04F79EFBC}") = "RCE.Domain", "RCE.Domain\RCE.Domain.csproj", "{5C47A008-5F9B-4145-A4A2-707A479CF23D}"
EndProject
Global
	GlobalSection(SolutionConfigurationPlatforms) = preSolution
		Debug|Any CPU = Debug|Any CPU
		Release|Any CPU = Release|Any CPU
	EndGlobalSection
	GlobalSection(ProjectConfigurationPlatforms) = postSolution
		{2FCDD98A-892E-4FB8-B322-ECAE0077C305}.Debug|Any CPU.ActiveCfg = Debug|Any CPU
		{2FCDD98A-892E-4FB8-B322-ECAE0077C305}.Debug|Any CPU.Build.0 = Debug|Any CPU
		{2FCDD98A-892E-4FB8-B322-ECAE0077C305}.Release|Any CPU.ActiveCfg = Release|Any CPU
		{2FCDD98A-892E-4FB8-B322-ECAE0077C305}.Release|Any CPU.Build.0 = Release|Any CPU
		{AA4C23C6-FFF7-4765-B83D-708D5993EEE1}.Debug|Any CPU.ActiveCfg = Debug|Any CPU
		{AA4C23C6-FFF7-4765-B83D-708D5993EEE1}.Debug|Any CPU.Build.0 = Debug|Any CPU
		{AA4C23C6-FFF7-4765-B83D-708D5993EEE1}.Release|Any CPU.ActiveCfg = Release|Any CPU
		{AA4C23C6-FFF7-4765-B83D-708D5993EEE1}.Release|Any CPU.Build.0 = Release|Any CPU
		{F240F995-FC18-4A46-9501-E134DC6A1052}.Debug|Any CPU.ActiveCfg = Debug|Any CPU
		{F240F995-FC18-4A46-9501-E134DC6A1052}.Debug|Any CPU.Build.0 = Debug|Any CPU
		{F240F995-FC18-4A46-9501-E134DC6A1052}.Release|Any CPU.ActiveCfg = Release|Any CPU
		{F240F995-FC18-4A46-9501-E134DC6A1052}.Release|Any CPU.Build.0 = Release|Any CPU
		{C9A106D7-FBC5-4533-965B-6C5368630C9A}.Debug|Any CPU.ActiveCfg = Debug|Any CPU
		{C9A106D7-FBC5-4533-965B-6C5368630C9A}.Debug|Any CPU.Build.0 = Debug|Any CPU
		{C9A106D7-FBC5-4533-965B-6C5368630C9A}.Release|Any CPU.ActiveCfg = Release|Any CPU
		{C9A106D7-FBC5-4533-965B-6C5368630C9A}.Release|Any CPU.Build.0 = Release|Any CPU
		{6E3392B4-6F70-42F3-9136-7C4E9DCDF4D0}.Debug|Any CPU.ActiveCfg = Debug|Any CPU
		{6E3392B4-6F70-42F3-9136-7C4E9DCDF4D0}.Debug|Any CPU.Build.0 = Debug|Any CPU
		{6E3392B4-6F70-42F3-9136-7C4E9DCDF4D0}.Release|Any CPU.ActiveCfg = Release|Any CPU
		{6E3392B4-6F70-42F3-9136-7C4E9DCDF4D0}.Release|Any CPU.Build.0 = Release|Any CPU
		{5C47A008-5F9B-4145-A4A2-707A479CF23D}.Debug|Any CPU.ActiveCfg = Debug|Any CPU
		{5C47A008-5F9B-4145-A4A2-707A479CF23D}.Debug|Any CPU.Build.0 = Debug|Any CPU
		{5C47A008-5F9B-4145-A4A2-707A479CF23D}.Release|Any CPU.ActiveCfg = Release|Any CPU
		{5C47A008-5F9B-4145-A4A2-707A479CF23D}.Release|Any CPU.Build.0 = Release|Any CPU
	EndGlobalSection
	GlobalSection(SolutionProperties) = preSolution
		HideSolutionNode = FALSE
	EndGlobalSection
	GlobalSection(NestedProjects) = preSolution
		{2FCDD98A-892E-4FB8-B322-ECAE0077C305} = {B7F8B2E3-C579-4C4E-8B5E-0545EF42FD45}
		{AA4C23C6-FFF7-4765-B83D-708D5993EEE1} = {060BD8C7-C193-4B78-9A20-C3E5E57AEA16}
		{F240F995-FC18-4A46-9501-E134DC6A1052} = {060BD8C7-C193-4B78-9A20-C3E5E57AEA16}
		{C9A106D7-FBC5-4533-965B-6C5368630C9A} = {B412BFC5-FC83-42C2-99CE-B5BA5B065DFF}
		{6E3392B4-6F70-42F3-9136-7C4E9DCDF4D0} = {060BD8C7-C193-4B78-9A20-C3E5E57AEA16}
		{5C47A008-5F9B-4145-A4A2-707A479CF23D} = {060BD8C7-C193-4B78-9A20-C3E5E57AEA16}
	EndGlobalSection
	GlobalSection(ExtensibilityGlobals) = postSolution
		SolutionGuid = {A4BF5EEF-2639-4408-BFBF-2D2EBE3E0D57}
	EndGlobalSection
EndGlobal
